
Microsoft Visual Studio Solution File, Format Version 12.00
# Visual Studio 11
Project("{8BC9CEB8-8B4A-11D0-8D11-00A0C91BC942}") = "Lib", "Lib\Lib.vcxproj", "{ECE37B9A-7D64-99E0-9183-99FCFCD6E431}"
EndProject
Project("{8BC9CEB8-8B4A-11D0-8D11-00A0C91BC942}") = "HelloWorld", "HelloWorld\HelloWorld.vcxproj", "{850F1539-B342-FC58-E184-955E48116B65}"
	ProjectSection(ProjectDependencies) = postProject
		{ECE37B9A-7D64-99E0-9183-99FCFCD6E431} = {ECE37B9A-7D64-99E0-9183-99FCFCD6E431}
	EndProjectSection
EndProject
Project("{8BC9CEB8-8B4A-11D0-8D11-00A0C91BC942}") = "Bench", "Bench\Bench.vcxproj", "{73AB1B03-1D22-6797-4DC9-EFD8537CA88F}"
EndProject
Project("{8BC9CEB8-8B4A-11D0-8D11-00A0C91BC942}") = "ForwardResult", "ForwardResult\ForwardResult.vcxproj", "{AE654437-1BB1-75A4-8F44-8CDE2DB63A23}"
EndProject
Project("{8BC9CEB8-8B4A-11D0-8D11-00A0C91BC942}") = "Life", "Life\Life.vcxproj", "{8BF94498-E912-63C2-BCC1-9588804760A4}"
EndProject
Project("{8BC9CEB8-8B4A-11D0-8D11-00A0C91BC942}") = "ForwardResultIface", "ForwardResultIface\ForwardResultIface.vcxproj", "{85BBFCA3-C832-C16C-8A6D-96DB953EA3A7}"
EndProject
Project("{8BC9CEB8-8B4A-11D0-8D11-00A0C91BC942}") = "ForwardResultSink", "ForwardResultSink\ForwardResultSink.vcxproj", "{5AC69933-B05E-7B6A-2D23-091728D54FC9}"
EndProject
Project("{2150E333-8FDC-42A3-9474-1A3956D46DE8}") = "Samples", "Samples", "{A27BC6E2-41CE-4CFE-80AF-A6C71E975CEB}"
EndProject
Project("{8BC9CEB8-8B4A-11D0-8D11-00A0C91BC942}") = "Future", "Future\Future.vcxproj", "{EF56D64E-9FA3-9CCD-072A-057DF4EFE097}"
EndProject
Project("{8BC9CEB8-8B4A-11D0-8D11-00A0C91BC942}") = "PingPong", "PingPong\PingPong.vcxproj", "{6A1A1209-389E-5293-CB5E-B83261F4A5A9}"
EndProject
Project("{8BC9CEB8-8B4A-11D0-8D11-00A0C91BC942}") = "ReturnResult", "ReturnResult\ReturnResult.vcxproj", "{184FE13F-FCEB-604E-4A29-E1A0636DF230}"
EndProject
Project("{8BC9CEB8-8B4A-11D0-8D11-00A0C91BC942}") = "RoundRobin", "RoundRobin\RoundRobin.vcxproj", "{8F75903C-3C5D-E61D-1656-D72D45041117}"
EndProject
Project("{8BC9CEB8-8B4A-11D0-8D11-00A0C91BC942}") = "ActiveSocket", "ActiveSocket\ActiveSocket.vcxproj", "{EDA077DE-98A0-E987-119D-AC60D3B3A7AF}"
EndProject
Project("{8BC9CEB8-8B4A-11D0-8D11-00A0C91BC942}") = "Echo", "Echo\Echo.vcxproj", "{A03E67F7-578E-1A80-3B56-37981084FAB2}"
EndProject
Project("{8BC9CEB8-8B4A-11D0-8D11-00A0C91BC942}") = "EchoServer", "EchoServer\EchoServer.vcxproj", "{E80B9E4D-1DAB-235A-82AE-8151D67346A8}"
EndProject
Project("{8BC9CEB8-8B4A-11D0-8D11-00A0C91BC942}") = "EchoClient", "EchoClient\EchoClient.vcxproj", "{AAB6A912-7009-58B6-498A-090BCD0FDDCB}"
EndProject
Project("{8BC9CEB8-8B4A-11D0-8D11-00A0C91BC942}") = "Tests", "Tests\Tests.vcxproj", "{44706043-F843-63B5-31E2-7DED3D3CB2E6}"
EndProject
Project("{8BC9CEB8-8B4A-11D0-8D11-00A0C91BC942}") = "Sieve", "Sieve\Sieve.vcxproj", "{7D80BF6D-AF20-0238-7EB0-D51226581708}"
EndProject
Global
	GlobalSection(SolutionConfigurationPlatforms) = preSolution
		Debug|Win32 = Debug|Win32
		Release|Win32 = Release|Win32
	EndGlobalSection
	GlobalSection(ProjectConfigurationPlatforms) = postSolution
		{184FE13F-FCEB-604E-4A29-E1A0636DF230}.Debug|Win32.ActiveCfg = Debug|Win32
		{184FE13F-FCEB-604E-4A29-E1A0636DF230}.Debug|Win32.Build.0 = Debug|Win32
		{184FE13F-FCEB-604E-4A29-E1A0636DF230}.Release|Win32.ActiveCfg = Release|Win32
		{184FE13F-FCEB-604E-4A29-E1A0636DF230}.Release|Win32.Build.0 = Release|Win32
		{44706043-F843-63B5-31E2-7DED3D3CB2E6}.Debug|Win32.ActiveCfg = Debug|Win32
		{44706043-F843-63B5-31E2-7DED3D3CB2E6}.Debug|Win32.Build.0 = Debug|Win32
		{44706043-F843-63B5-31E2-7DED3D3CB2E6}.Release|Win32.ActiveCfg = Release|Win32
		{44706043-F843-63B5-31E2-7DED3D3CB2E6}.Release|Win32.Build.0 = Release|Win32
		{5AC69933-B05E-7B6A-2D23-091728D54FC9}.Debug|Win32.ActiveCfg = Debug|Win32
		{5AC69933-B05E-7B6A-2D23-091728D54FC9}.Debug|Win32.Build.0 = Debug|Win32
		{5AC69933-B05E-7B6A-2D23-091728D54FC9}.Release|Win32.ActiveCfg = Release|Win32
		{5AC69933-B05E-7B6A-2D23-091728D54FC9}.Release|Win32.Build.0 = Release|Win32
		{6A1A1209-389E-5293-CB5E-B83261F4A5A9}.Debug|Win32.ActiveCfg = Debug|Win32
		{6A1A1209-389E-5293-CB5E-B83261F4A5A9}.Debug|Win32.Build.0 = Debug|Win32
		{6A1A1209-389E-5293-CB5E-B83261F4A5A9}.Release|Win32.ActiveCfg = Release|Win32
		{6A1A1209-389E-5293-CB5E-B83261F4A5A9}.Release|Win32.Build.0 = Release|Win32
		{73AB1B03-1D22-6797-4DC9-EFD8537CA88F}.Debug|Win32.ActiveCfg = Debug|Win32
		{73AB1B03-1D22-6797-4DC9-EFD8537CA88F}.Debug|Win32.Build.0 = Debug|Win32
		{73AB1B03-1D22-6797-4DC9-EFD8537CA88F}.Release|Win32.ActiveCfg = Release|Win32
		{73AB1B03-1D22-6797-4DC9-EFD8537CA88F}.Release|Win32.Build.0 = Release|Win32
		{7D80BF6D-AF20-0238-7EB0-D51226581708}.Debug|Win32.ActiveCfg = Debug|Win32
		{7D80BF6D-AF20-0238-7EB0-D51226581708}.Debug|Win32.Build.0 = Debug|Win32
		{7D80BF6D-AF20-0238-7EB0-D51226581708}.Release|Win32.ActiveCfg = Release|Win32
		{7D80BF6D-AF20-0238-7EB0-D51226581708}.Release|Win32.Build.0 = Release|Win32
		{850F1539-B342-FC58-E184-955E48116B65}.Debug|Win32.ActiveCfg = Debug|Win32
		{850F1539-B342-FC58-E184-955E48116B65}.Debug|Win32.Build.0 = Debug|Win32
		{850F1539-B342-FC58-E184-955E48116B65}.Release|Win32.ActiveCfg = Release|Win32
		{850F1539-B342-FC58-E184-955E48116B65}.Release|Win32.Build.0 = Release|Win32
		{85BBFCA3-C832-C16C-8A6D-96DB953EA3A7}.Debug|Win32.ActiveCfg = Debug|Win32
		{85BBFCA3-C832-C16C-8A6D-96DB953EA3A7}.Debug|Win32.Build.0 = Debug|Win32
		{85BBFCA3-C832-C16C-8A6D-96DB953EA3A7}.Release|Win32.ActiveCfg = Release|Win32
		{85BBFCA3-C832-C16C-8A6D-96DB953EA3A7}.Release|Win32.Build.0 = Release|Win32
		{8BF94498-E912-63C2-BCC1-9588804760A4}.Debug|Win32.ActiveCfg = Debug|Win32
		{8BF94498-E912-63C2-BCC1-9588804760A4}.Debug|Win32.Build.0 = Debug|Win32
		{8BF94498-E912-63C2-BCC1-9588804760A4}.Release|Win32.ActiveCfg = Release|Win32
		{8BF94498-E912-63C2-BCC1-9588804760A4}.Release|Win32.Build.0 = Release|Win32
		{8F75903C-3C5D-E61D-1656-D72D45041117}.Debug|Win32.ActiveCfg = Debug|Win32
		{8F75903C-3C5D-E61D-1656-D72D45041117}.Debug|Win32.Build.0 = Debug|Win32
		{8F75903C-3C5D-E61D-1656-D72D45041117}.Release|Win32.ActiveCfg = Release|Win32
		{8F75903C-3C5D-E61D-1656-D72D45041117}.Release|Win32.Build.0 = Release|Win32
		{A03E67F7-578E-1A80-3B56-37981084FAB2}.Debug|Win32.ActiveCfg = Debug|Win32
		{A03E67F7-578E-1A80-3B56-37981084FAB2}.Debug|Win32.Build.0 = Debug|Win32
		{A03E67F7-578E-1A80-3B56-37981084FAB2}.Release|Win32.ActiveCfg = Release|Win32
		{A03E67F7-578E-1A80-3B56-37981084FAB2}.Release|Win32.Build.0 = Release|Win32
		{AAB6A912-7009-58B6-498A-090BCD0FDDCB}.Debug|Win32.ActiveCfg = Debug|Win32
		{AAB6A912-7009-58B6-498A-090BCD0FDDCB}.Debug|Win32.Build.0 = Debug|Win32
		{AAB6A912-7009-58B6-498A-090BCD0FDDCB}.Release|Win32.ActiveCfg = Release|Win32
		{AAB6A912-7009-58B6-498A-090BCD0FDDCB}.Release|Win32.Build.0 = Release|Win32
		{AE654437-1BB1-75A4-8F44-8CDE2DB63A23}.Debug|Win32.ActiveCfg = Debug|Win32
		{AE654437-1BB1-75A4-8F44-8CDE2DB63A23}.Debug|Win32.Build.0 = Debug|Win32
		{AE654437-1BB1-75A4-8F44-8CDE2DB63A23}.Release|Win32.ActiveCfg = Release|Win32
		{AE654437-1BB1-75A4-8F44-8CDE2DB63A23}.Release|Win32.Build.0 = Release|Win32
		{E80B9E4D-1DAB-235A-82AE-8151D67346A8}.Debug|Win32.ActiveCfg = Debug|Win32
		{E80B9E4D-1DAB-235A-82AE-8151D67346A8}.Debug|Win32.Build.0 = Debug|Win32
		{E80B9E4D-1DAB-235A-82AE-8151D67346A8}.Release|Win32.ActiveCfg = Release|Win32
		{E80B9E4D-1DAB-235A-82AE-8151D67346A8}.Release|Win32.Build.0 = Release|Win32
		{ECE37B9A-7D64-99E0-9183-99FCFCD6E431}.Debug|Win32.ActiveCfg = Debug|Win32
		{ECE37B9A-7D64-99E0-9183-99FCFCD6E431}.Debug|Win32.Build.0 = Debug|Win32
		{ECE37B9A-7D64-99E0-9183-99FCFCD6E431}.Release|Win32.ActiveCfg = Release|Win32
		{ECE37B9A-7D64-99E0-9183-99FCFCD6E431}.Release|Win32.Build.0 = Release|Win32
		{EDA077DE-98A0-E987-119D-AC60D3B3A7AF}.Debug|Win32.ActiveCfg = Debug|Win32
		{EDA077DE-98A0-E987-119D-AC60D3B3A7AF}.Debug|Win32.Build.0 = Debug|Win32
		{EDA077DE-98A0-E987-119D-AC60D3B3A7AF}.Release|Win32.ActiveCfg = Release|Win32
		{EDA077DE-98A0-E987-119D-AC60D3B3A7AF}.Release|Win32.Build.0 = Release|Win32
		{EF56D64E-9FA3-9CCD-072A-057DF4EFE097}.Debug|Win32.ActiveCfg = Debug|Win32
		{EF56D64E-9FA3-9CCD-072A-057DF4EFE097}.Debug|Win32.Build.0 = Debug|Win32
		{EF56D64E-9FA3-9CCD-072A-057DF4EFE097}.Release|Win32.ActiveCfg = Release|Win32
		{EF56D64E-9FA3-9CCD-072A-057DF4EFE097}.Release|Win32.Build.0 = Release|Win32
	EndGlobalSection
	GlobalSection(SolutionProperties) = preSolution
		HideSolutionNode = FALSE
	EndGlobalSection
	GlobalSection(NestedProjects) = preSolution
		{184FE13F-FCEB-604E-4A29-E1A0636DF230} = {A27BC6E2-41CE-4CFE-80AF-A6C71E975CEB}
		{44706043-F843-63B5-31E2-7DED3D3CB2E6} = {A27BC6E2-41CE-4CFE-80AF-A6C71E975CEB}
		{5AC69933-B05E-7B6A-2D23-091728D54FC9} = {A27BC6E2-41CE-4CFE-80AF-A6C71E975CEB}
		{6A1A1209-389E-5293-CB5E-B83261F4A5A9} = {A27BC6E2-41CE-4CFE-80AF-A6C71E975CEB}
		{73AB1B03-1D22-6797-4DC9-EFD8537CA88F} = {A27BC6E2-41CE-4CFE-80AF-A6C71E975CEB}
		{7D80BF6D-AF20-0238-7EB0-D51226581708} = {A27BC6E2-41CE-4CFE-80AF-A6C71E975CEB}
		{850F1539-B342-FC58-E184-955E48116B65} = {A27BC6E2-41CE-4CFE-80AF-A6C71E975CEB}
		{85BBFCA3-C832-C16C-8A6D-96DB953EA3A7} = {A27BC6E2-41CE-4CFE-80AF-A6C71E975CEB}
		{8BF94498-E912-63C2-BCC1-9588804760A4} = {A27BC6E2-41CE-4CFE-80AF-A6C71E975CEB}
		{8F75903C-3C5D-E61D-1656-D72D45041117} = {A27BC6E2-41CE-4CFE-80AF-A6C71E975CEB}
		{A03E67F7-578E-1A80-3B56-37981084FAB2} = {A27BC6E2-41CE-4CFE-80AF-A6C71E975CEB}
		{AAB6A912-7009-58B6-498A-090BCD0FDDCB} = {A27BC6E2-41CE-4CFE-80AF-A6C71E975CEB}
		{AE654437-1BB1-75A4-8F44-8CDE2DB63A23} = {A27BC6E2-41CE-4CFE-80AF-A6C71E975CEB}
		{E80B9E4D-1DAB-235A-82AE-8151D67346A8} = {A27BC6E2-41CE-4CFE-80AF-A6C71E975CEB}
		{EDA077DE-98A0-E987-119D-AC60D3B3A7AF} = {A27BC6E2-41CE-4CFE-80AF-A6C71E975CEB}
		{EF56D64E-9FA3-9CCD-072A-057DF4EFE097} = {A27BC6E2-41CE-4CFE-80AF-A6C71E975CEB}
	EndGlobalSection
EndGlobal
